{
  "lockfile_version": "1",
  "packages": {
    "ansible@2.18.7": {
      "last_modified": "2025-08-05T11:35:34Z",
      "resolved": "github:NixOS/nixpkgs/a683adc19ff5228af548c6539dbc3440509bfed3#ansible",
      "source": "devbox-search",
      "version": "2.18.7",
      "systems": {
        "aarch64-darwin": {
          "outputs": [
            {
              "name": "out",
              "path": "/nix/store/kyl5jmqcf9vj16xavh742jc3jdjrka01-python3.13-ansible-core-2.18.7",
              "default": true
            },
            {
              "name": "dist",
              "path": "/nix/store/ahgv5ar3a1p7qj0lka8kn5cqxwx188lr-python3.13-ansible-core-2.18.7-dist"
            }
          ],
          "store_path": "/nix/store/kyl5jmqcf9vj16xavh742jc3jdjrka01-python3.13-ansible-core-2.18.7"
        },
        "aarch64-linux": {
          "outputs": [
            {
              "name": "out",
              "path": "/nix/store/sk42yvzbkcxykm99qs6r8q2ld7rk9zyi-python3.13-ansible-core-2.18.7",
              "default": true
            },
            {
              "name": "dist",
              "path": "/nix/store/h2y0cy1g2qq2b8z0v08m1wqpm9wf8bz8-python3.13-ansible-core-2.18.7-dist"
            }
          ],
          "store_path": "/nix/store/sk42yvzbkcxykm99qs6r8q2ld7rk9zyi-python3.13-ansible-core-2.18.7"
        },
        "x86_64-darwin": {
          "outputs": [
            {
              "name": "out",
              "path": "/nix/store/n4ylz6wv52z6a3qsf42ww850mrd878cs-python3.13-ansible-core-2.18.7",
              "default": true
            },
            {
              "name": "dist",
              "path": "/nix/store/d18hgxvm4hsc3njrv9ibyay2yfnyhw3b-python3.13-ansible-core-2.18.7-dist"
            }
          ],
          "store_path": "/nix/store/n4ylz6wv52z6a3qsf42ww850mrd878cs-python3.13-ansible-core-2.18.7"
        },
        "x86_64-linux": {
          "outputs": [
            {
              "name": "out",
              "path": "/nix/store/p1iidhy3dpmgy3z83rwqqhr88vk3zd7v-python3.13-ansible-core-2.18.7",
              "default": true
            },
            {
              "name": "dist",
              "path": "/nix/store/0rygjhshivvs5myg5yijvi32s6gb94r2-python3.13-ansible-core-2.18.7-dist"
            }
          ],
          "store_path": "/nix/store/p1iidhy3dpmgy3z83rwqqhr88vk3zd7v-python3.13-ansible-core-2.18.7"
        }
      }
    },
    "github:NixOS/nixpkgs/nixpkgs-unstable": {
      "last_modified": "2025-07-17T10:11:59Z",
      "resolved": "github:NixOS/nixpkgs/fa0ef8a6bb1651aa26c939aeb51b5f499e86b0ec?lastModified=1752747119&narHash=sha256-2Kp9St3Pbsmu%2BxMsobLcgzzUxPvZR7alVJWyuk2BAPc%3D"
    },
    "just@1.40.0": {
      "last_modified": "2025-07-16T16:36:02Z",
      "resolved": "github:NixOS/nixpkgs/fa64ec5c1ca6f17746f3defedb988b9248e97616#just",
      "source": "devbox-search",
      "version": "1.40.0",
      "systems": {
        "aarch64-darwin": {
          "outputs": [
            {
              "name": "out",
              "path": "/nix/store/3pnak51jl5d1r1mxf9hw69pgpwnb2xii-just-1.40.0",
              "default": true
            },
            {
              "name": "man",
              "path": "/nix/store/rp2mgqlhjzbysxsipdljfqd2pkbz5rdw-just-1.40.0-man",
              "default": true
            },
            {
              "name": "doc",
              "path": "/nix/store/qzd5f1148jn8migs0m53gdzlkhlyiacb-just-1.40.0-doc"
            }
          ],
          "store_path": "/nix/store/3pnak51jl5d1r1mxf9hw69pgpwnb2xii-just-1.40.0"
        },
        "aarch64-linux": {
          "outputs": [
            {
              "name": "out",
              "path": "/nix/store/bm9ijhx6ngf5a39p8wlhhj71v8q4qbxk-just-1.40.0",
              "default": true
            },
            {
              "name": "man",
              "path": "/nix/store/z1pim1jpjshj03kwpkqhn7hk34bh6lnv-just-1.40.0-man",
              "default": true
            },
            {
              "name": "doc",
              "path": "/nix/store/pw2nj5ff9xywr77phc53xw2wv5kkg55a-just-1.40.0-doc"
            }
          ],
          "store_path": "/nix/store/bm9ijhx6ngf5a39p8wlhhj71v8q4qbxk-just-1.40.0"
        },
        "x86_64-darwin": {
          "outputs": [
            {
              "name": "out",
              "path": "/nix/store/r4s8g0mgjys5hv7lq6q5zcryygacg7zi-just-1.40.0",
              "default": true
            },
            {
              "name": "man",
              "path": "/nix/store/748wgg7spyjd49d3rq8ll49d87ivk1af-just-1.40.0-man",
              "default": true
            },
            {
              "name": "doc",
              "path": "/nix/store/96ycyfg17mwjhlg0sadpirai6d5bcvvn-just-1.40.0-doc"
            }
          ],
          "store_path": "/nix/store/r4s8g0mgjys5hv7lq6q5zcryygacg7zi-just-1.40.0"
        },
        "x86_64-linux": {
          "outputs": [
            {
              "name": "out",
              "path": "/nix/store/zys6pzpajv2pgy95wi7iklpvklzld6mf-just-1.40.0",
              "default": true
            },
            {
              "name": "man",
              "path": "/nix/store/k4zz8spld7kb60zmrq86hjc56rv6mi5z-just-1.40.0-man",
              "default": true
            },
            {
              "name": "doc",
              "path": "/nix/store/paqsnvnk83lwi7i9jb60w29wlpn1h3ra-just-1.40.0-doc"
            }
          ],
          "store_path": "/nix/store/zys6pzpajv2pgy95wi7iklpvklzld6mf-just-1.40.0"
        }
      }
    }
  }
}
